<?xml version="1.0" encoding="utf-8"?>
<Project ToolsVersion="4.0" xmlns="http://schemas.microsoft.com/developer/msbuild/2003">
  <ItemGroup>
    <Filter Include="Source Files">
      <UniqueIdentifier>{4FC737F1-C7A5-4376-A066-2A32D752A2FF}</UniqueIdentifier>
      <Extensions>cpp;c;cc;cxx;c++;cppm;ixx;def;odl;idl;hpj;bat;asm;asmx</Extensions>
    </Filter>
    <Filter Include="Header Files">
      <UniqueIdentifier>{93995380-89BD-4b04-88EB-625FBE52EBFB}</UniqueIdentifier>
      <Extensions>h;hh;hpp;hxx;h++;hm;inl;inc;ipp;xsd</Extensions>
    </Filter>
    <Filter Include="Image">
      <UniqueIdentifier>{d37f478a-3f28-44ee-bc1c-d6c7f35d44ad}</UniqueIdentifier>
    </Filter>
  </ItemGroup>
  <ItemGroup>
    <ClCompile Include="Main.cpp">
      <Filter>Source Files</Filter>
    </ClCompile>
    <ClCompile Include="MyForm.cpp">
      <Filter>Header Files</Filter>
    </ClCompile>
    <ClCompile Include="CameraForm.cpp">
      <Filter>Header Files</Filter>
    </ClCompile>
  </ItemGroup>
  <ItemGroup>
    <ClInclude Include="MyForm.h">
      <Filter>Header Files</Filter>
    </ClInclude>
    <ClInclude Include="CameraForm.h">
      <Filter>Header Files</Filter>
    </ClInclude>
  </ItemGroup>
  <ItemGroup>
    <Image Include="colorButton.Image.png">
      <Filter>Image</Filter>
    </Image>
    <Image Include="fillColor.Image.png">
      <Filter>Image</Filter>
    </Image>
    <Image Include="imageSizeLabel.Image.png">
      <Filter>Image</Filter>
    </Image>
    <Image Include="openFileButton.Image.png">
      <Filter>Image</Filter>
    </Image>
    <Image Include="openFileMenu.Image.png">
      <Filter>Image</Filter>
    </Image>
    <Image Include="pixelPointLabel.Image.png">
      <Filter>Image</Filter>
    </Image>
    <Image Include="putTxt.Image.png">
      <Filter>Image</Filter>
    </Image>
    <Image Include="saveAsFileButton.Image.png">
      <Filter>Image</Filter>
    </Image>
    <Image Include="saveAsFileMenu.Image.png">
      <Filter>Image</Filter>
    </Image>
    <Image Include="saveFileButton.Image.png">
      <Filter>Image</Filter>
    </Image>
    <Image Include="saveFileMenu.Image.png">
      <Filter>Image</Filter>
    </Image>
    <Image Include="toolStripButton2.Image.png">
      <Filter>Image</Filter>
    </Image>
    <Image Include="toolStripButton1.Image.png">
      <Filter>Image</Filter>
    </Image>
    <Image Include="toolStripButton3.Image.png">
      <Filter>Image</Filter>
    </Image>
    <Image Include="toolStripButton4.Image.png">
      <Filter>Image</Filter>
    </Image>
    <Image Include="toolStripButton5.Image.png">
      <Filter>Image</Filter>
    </Image>
    <Image Include="toolStripButton6.Image.png">
      <Filter>Image</Filter>
    </Image>
  </ItemGroup>
</Project>